
Microsoft Visual Studio Solution File, Format Version 12.00
# Visual Studio Version 17
VisualStudioVersion = 17.0.31903.59
MinimumVisualStudioVersion = 10.0.40219.1
Project("{FAE04EC0-301F-11D3-BF4B-00C04F79EFBC}") = "LibraryManagement.Api", "LibraryManagement.Api\LibraryManagement.Api.csproj", "{6F380487-5E4C-46BB-8637-F8BFF82A3B39}"
EndProject
Project("{FAE04EC0-301F-11D3-BF4B-00C04F79EFBC}") = "LibraryManagement.Application", "LibraryManagement.Application\LibraryManagement.Application.csproj", "{C82C8C0B-3269-4E46-84EE-CA6701D39EAE}"
EndProject
Project("{FAE04EC0-301F-11D3-BF4B-00C04F79EFBC}") = "LibraryManagement.Domain", "LibraryManagement.Domain\LibraryManagement.Domain.csproj", "{E4EA35F5-A891-4B31-9C36-6D689459A215}"
EndProject
Project("{FAE04EC0-301F-11D3-BF4B-00C04F79EFBC}") = "LibraryManagement.Infrastructure", "LibraryManagement.Infrastructure\LibraryManagement.Infrastructure.csproj", "{BFF998A3-B4AF-4F85-97EC-AD5A092DFD79}"
EndProject
Project("{FAE04EC0-301F-11D3-BF4B-00C04F79EFBC}") = "LibraryManagement.Integration.Tests", "LibraryManagement.Integration.Tests\LibraryManagement.Integration.Tests.csproj", "{7765600B-C74D-4B32-9153-AC25671CFF82}"
EndProject
Project("{FAE04EC0-301F-11D3-BF4B-00C04F79EFBC}") = "LibraryManagement.Shared", "LibraryManagement.Shared\LibraryManagement.Shared.csproj", "{896564F9-7F7A-4E0C-B925-43661E8A04FC}"
EndProject
Project("{FAE04EC0-301F-11D3-BF4B-00C04F79EFBC}") = "LibraryManagement.Contract", "LibraryManagement.Contract\LibraryManagement.Contract.csproj", "{BCC6D9BA-D478-4610-9147-77DD5FCDA710}"
EndProject
Global
	GlobalSection(SolutionConfigurationPlatforms) = preSolution
		Debug|Any CPU = Debug|Any CPU
		Release|Any CPU = Release|Any CPU
	EndGlobalSection
	GlobalSection(ProjectConfigurationPlatforms) = postSolution
		{6F380487-5E4C-46BB-8637-F8BFF82A3B39}.Debug|Any CPU.ActiveCfg = Debug|Any CPU
		{6F380487-5E4C-46BB-8637-F8BFF82A3B39}.Debug|Any CPU.Build.0 = Debug|Any CPU
		{6F380487-5E4C-46BB-8637-F8BFF82A3B39}.Release|Any CPU.ActiveCfg = Release|Any CPU
		{6F380487-5E4C-46BB-8637-F8BFF82A3B39}.Release|Any CPU.Build.0 = Release|Any CPU
		{C82C8C0B-3269-4E46-84EE-CA6701D39EAE}.Debug|Any CPU.ActiveCfg = Debug|Any CPU
		{C82C8C0B-3269-4E46-84EE-CA6701D39EAE}.Debug|Any CPU.Build.0 = Debug|Any CPU
		{C82C8C0B-3269-4E46-84EE-CA6701D39EAE}.Release|Any CPU.ActiveCfg = Release|Any CPU
		{C82C8C0B-3269-4E46-84EE-CA6701D39EAE}.Release|Any CPU.Build.0 = Release|Any CPU
		{E4EA35F5-A891-4B31-9C36-6D689459A215}.Debug|Any CPU.ActiveCfg = Debug|Any CPU
		{E4EA35F5-A891-4B31-9C36-6D689459A215}.Debug|Any CPU.Build.0 = Debug|Any CPU
		{E4EA35F5-A891-4B31-9C36-6D689459A215}.Release|Any CPU.ActiveCfg = Release|Any CPU
		{E4EA35F5-A891-4B31-9C36-6D689459A215}.Release|Any CPU.Build.0 = Release|Any CPU
		{BFF998A3-B4AF-4F85-97EC-AD5A092DFD79}.Debug|Any CPU.ActiveCfg = Debug|Any CPU
		{BFF998A3-B4AF-4F85-97EC-AD5A092DFD79}.Debug|Any CPU.Build.0 = Debug|Any CPU
		{BFF998A3-B4AF-4F85-97EC-AD5A092DFD79}.Release|Any CPU.ActiveCfg = Release|Any CPU
		{BFF998A3-B4AF-4F85-97EC-AD5A092DFD79}.Release|Any CPU.Build.0 = Release|Any CPU
		{7765600B-C74D-4B32-9153-AC25671CFF82}.Debug|Any CPU.ActiveCfg = Debug|Any CPU
		{7765600B-C74D-4B32-9153-AC25671CFF82}.Debug|Any CPU.Build.0 = Debug|Any CPU
		{7765600B-C74D-4B32-9153-AC25671CFF82}.Release|Any CPU.ActiveCfg = Release|Any CPU
		{7765600B-C74D-4B32-9153-AC25671CFF82}.Release|Any CPU.Build.0 = Release|Any CPU
		{896564F9-7F7A-4E0C-B925-43661E8A04FC}.Debug|Any CPU.ActiveCfg = Debug|Any CPU
		{896564F9-7F7A-4E0C-B925-43661E8A04FC}.Debug|Any CPU.Build.0 = Debug|Any CPU
		{896564F9-7F7A-4E0C-B925-43661E8A04FC}.Release|Any CPU.ActiveCfg = Release|Any CPU
		{896564F9-7F7A-4E0C-B925-43661E8A04FC}.Release|Any CPU.Build.0 = Release|Any CPU
		{BCC6D9BA-D478-4610-9147-77DD5FCDA710}.Debug|Any CPU.ActiveCfg = Debug|Any CPU
		{BCC6D9BA-D478-4610-9147-77DD5FCDA710}.Debug|Any CPU.Build.0 = Debug|Any CPU
		{BCC6D9BA-D478-4610-9147-77DD5FCDA710}.Release|Any CPU.ActiveCfg = Release|Any CPU
		{BCC6D9BA-D478-4610-9147-77DD5FCDA710}.Release|Any CPU.Build.0 = Release|Any CPU
	EndGlobalSection
	GlobalSection(SolutionProperties) = preSolution
		HideSolutionNode = FALSE
	EndGlobalSection
	GlobalSection(ExtensibilityGlobals) = postSolution
		SolutionGuid = {05626A03-3902-4D8C-9841-DFF49E0307B5}
	EndGlobalSection
EndGlobal
